// !$*UTF8*$!
{
	archiveVersion = 1;
	classes = {
	};
	objectVersion = 46;
	objects = {

/* Begin PBXBuildFile section */
		21E3169D82D16BA4E612E7BD /* Pods_Compa.framework in Frameworks */ = {isa = PBXBuildFile; fileRef = 40171F2D637E7C18C649E60D /* Pods_Compa.framework */; };
		521A8B891EC1B68B00A589A1 /* FriendTableViewCell.swift in Sources */ = {isa = PBXBuildFile; fileRef = 521A8B881EC1B68B00A589A1 /* FriendTableViewCell.swift */; };
		521A8B8B1EC1BAAB00A589A1 /* UIHelper.swift in Sources */ = {isa = PBXBuildFile; fileRef = 521A8B8A1EC1BAAB00A589A1 /* UIHelper.swift */; };
		521A8B8D1EC1DFF200A589A1 /* MyProfile.swift in Sources */ = {isa = PBXBuildFile; fileRef = 521A8B8C1EC1DFF200A589A1 /* MyProfile.swift */; };
		52336E3F1EC04D2B00EC4D38 /* ZodiacChinaMatch.csv in Resources */ = {isa = PBXBuildFile; fileRef = 52336E3E1EC04D2B00EC4D38 /* ZodiacChinaMatch.csv */; };
		5266E2CA1EC1ABA000984405 /* Friend.swift in Sources */ = {isa = PBXBuildFile; fileRef = 5266E2C91EC1ABA000984405 /* Friend.swift */; };
		52999A0B1EB974DC00A36490 /* MyPageViewController.swift in Sources */ = {isa = PBXBuildFile; fileRef = 52999A0A1EB974DC00A36490 /* MyPageViewController.swift */; };
		52999A0D1EB97EF400A36490 /* CalcCompabilityUIButton.swift in Sources */ = {isa = PBXBuildFile; fileRef = 52999A0C1EB97EF400A36490 /* CalcCompabilityUIButton.swift */; };
		52999A0F1EB988DF00A36490 /* CalcResultViewController.swift in Sources */ = {isa = PBXBuildFile; fileRef = 52999A0E1EB988DF00A36490 /* CalcResultViewController.swift */; };
		52999A111EB9BAD500A36490 /* MyUtil.swift in Sources */ = {isa = PBXBuildFile; fileRef = 52999A101EB9BAD500A36490 /* MyUtil.swift */; };
		52999A131EB9C71700A36490 /* DatabaseController.swift in Sources */ = {isa = PBXBuildFile; fileRef = 52999A121EB9C71700A36490 /* DatabaseController.swift */; };
		52999A151EB9CE5300A36490 /* FriendsTableViewController.swift in Sources */ = {isa = PBXBuildFile; fileRef = 52999A141EB9CE5300A36490 /* FriendsTableViewController.swift */; };
		52999A191EB9D66A00A36490 /* LoginViewController.swift in Sources */ = {isa = PBXBuildFile; fileRef = 52999A181EB9D66A00A36490 /* LoginViewController.swift */; };
		529D22CE1EBB216E004F9216 /* sample.csv in Resources */ = {isa = PBXBuildFile; fileRef = 529D22CD1EBB216E004F9216 /* sample.csv */; };
		529D22D41EBB2F9E004F9216 /* ZodiacEuroMatch.csv in Resources */ = {isa = PBXBuildFile; fileRef = 529D22D31EBB2F9E004F9216 /* ZodiacEuroMatch.csv */; };
		52D6FBB71EA9A02F0088C6AA /* AppDelegate.swift in Sources */ = {isa = PBXBuildFile; fileRef = 52D6FBB61EA9A02F0088C6AA /* AppDelegate.swift */; };
		52D6FBB91EA9A02F0088C6AA /* ViewController.swift in Sources */ = {isa = PBXBuildFile; fileRef = 52D6FBB81EA9A02F0088C6AA /* ViewController.swift */; };
		52D6FBBC1EA9A02F0088C6AA /* Main.storyboard in Resources */ = {isa = PBXBuildFile; fileRef = 52D6FBBA1EA9A02F0088C6AA /* Main.storyboard */; };
		52D6FBBF1EA9A02F0088C6AA /* Compa.xcdatamodeld in Sources */ = {isa = PBXBuildFile; fileRef = 52D6FBBD1EA9A02F0088C6AA /* Compa.xcdatamodeld */; };
		52D6FBC11EA9A02F0088C6AA /* Assets.xcassets in Resources */ = {isa = PBXBuildFile; fileRef = 52D6FBC01EA9A02F0088C6AA /* Assets.xcassets */; };
		52D6FBC41EA9A02F0088C6AA /* LaunchScreen.storyboard in Resources */ = {isa = PBXBuildFile; fileRef = 52D6FBC21EA9A02F0088C6AA /* LaunchScreen.storyboard */; };
		52D6FBCF1EA9A02F0088C6AA /* CompaTests.swift in Sources */ = {isa = PBXBuildFile; fileRef = 52D6FBCE1EA9A02F0088C6AA /* CompaTests.swift */; };
		52D6FBDA1EA9A02F0088C6AA /* CompaUITests.swift in Sources */ = {isa = PBXBuildFile; fileRef = 52D6FBD91EA9A02F0088C6AA /* CompaUITests.swift */; };
		52D6FBEA1EA9A1A40088C6AA /* Zodiac.swift in Sources */ = {isa = PBXBuildFile; fileRef = 52D6FBE91EA9A1A40088C6AA /* Zodiac.swift */; };
		5EC876F476B2EC8161C07E1E /* Pods_CompaUITests.framework in Frameworks */ = {isa = PBXBuildFile; fileRef = D2EB48DCDED7853D38F4F34B /* Pods_CompaUITests.framework */; };
		7C15CAA54FEE44D7967A4D72 /* Pods_CompaTests.framework in Frameworks */ = {isa = PBXBuildFile; fileRef = B836D64273D89CB7778B6FF8 /* Pods_CompaTests.framework */; };
/* End PBXBuildFile section */

/* Begin PBXContainerItemProxy section */
		52D6FBCB1EA9A02F0088C6AA /* PBXContainerItemProxy */ = {
			isa = PBXContainerItemProxy;
			containerPortal = 52D6FBAB1EA9A02F0088C6AA /* Project object */;
			proxyType = 1;
			remoteGlobalIDString = 52D6FBB21EA9A02F0088C6AA;
			remoteInfo = Compa;
		};
		52D6FBD61EA9A02F0088C6AA /* PBXContainerItemProxy */ = {
			isa = PBXContainerItemProxy;
			containerPortal = 52D6FBAB1EA9A02F0088C6AA /* Project object */;
			proxyType = 1;
			remoteGlobalIDString = 52D6FBB21EA9A02F0088C6AA;
			remoteInfo = Compa;
		};
/* End PBXContainerItemProxy section */

/* Begin PBXFileReference section */
		1AFC8F41BE0EDE0D23D0465C /* Pods-Compa.release.xcconfig */ = {isa = PBXFileReference; includeInIndex = 1; lastKnownFileType = text.xcconfig; name = "Pods-Compa.release.xcconfig"; path = "Pods/Target Support Files/Pods-Compa/Pods-Compa.release.xcconfig"; sourceTree = "<group>"; };
		40171F2D637E7C18C649E60D /* Pods_Compa.framework */ = {isa = PBXFileReference; explicitFileType = wrapper.framework; includeInIndex = 0; path = Pods_Compa.framework; sourceTree = BUILT_PRODUCTS_DIR; };
		51D3A31361119E697F95D9FC /* Pods-CompaUITests.release.xcconfig */ = {isa = PBXFileReference; includeInIndex = 1; lastKnownFileType = text.xcconfig; name = "Pods-CompaUITests.release.xcconfig"; path = "Pods/Target Support Files/Pods-CompaUITests/Pods-CompaUITests.release.xcconfig"; sourceTree = "<group>"; };
		521A8B881EC1B68B00A589A1 /* FriendTableViewCell.swift */ = {isa = PBXFileReference; fileEncoding = 4; lastKnownFileType = sourcecode.swift; path = FriendTableViewCell.swift; sourceTree = "<group>"; };
		521A8B8A1EC1BAAB00A589A1 /* UIHelper.swift */ = {isa = PBXFileReference; fileEncoding = 4; lastKnownFileType = sourcecode.swift; path = UIHelper.swift; sourceTree = "<group>"; };
		521A8B8C1EC1DFF200A589A1 /* MyProfile.swift */ = {isa = PBXFileReference; fileEncoding = 4; lastKnownFileType = sourcecode.swift; path = MyProfile.swift; sourceTree = "<group>"; };
		52336E3E1EC04D2B00EC4D38 /* ZodiacChinaMatch.csv */ = {isa = PBXFileReference; fileEncoding = 4; lastKnownFileType = text; path = ZodiacChinaMatch.csv; sourceTree = "<group>"; };
		5266E2C91EC1ABA000984405 /* Friend.swift */ = {isa = PBXFileReference; fileEncoding = 4; lastKnownFileType = sourcecode.swift; path = Friend.swift; sourceTree = "<group>"; };
		52999A0A1EB974DC00A36490 /* MyPageViewController.swift */ = {isa = PBXFileReference; fileEncoding = 4; lastKnownFileType = sourcecode.swift; path = MyPageViewController.swift; sourceTree = "<group>"; };
		52999A0C1EB97EF400A36490 /* CalcCompabilityUIButton.swift */ = {isa = PBXFileReference; fileEncoding = 4; lastKnownFileType = sourcecode.swift; path = CalcCompabilityUIButton.swift; sourceTree = "<group>"; };
		52999A0E1EB988DF00A36490 /* CalcResultViewController.swift */ = {isa = PBXFileReference; fileEncoding = 4; lastKnownFileType = sourcecode.swift; path = CalcResultViewController.swift; sourceTree = "<group>"; };
		52999A101EB9BAD500A36490 /* MyUtil.swift */ = {isa = PBXFileReference; fileEncoding = 4; lastKnownFileType = sourcecode.swift; path = MyUtil.swift; sourceTree = "<group>"; };
		52999A121EB9C71700A36490 /* DatabaseController.swift */ = {isa = PBXFileReference; fileEncoding = 4; lastKnownFileType = sourcecode.swift; path = DatabaseController.swift; sourceTree = "<group>"; };
		52999A141EB9CE5300A36490 /* FriendsTableViewController.swift */ = {isa = PBXFileReference; fileEncoding = 4; lastKnownFileType = sourcecode.swift; path = FriendsTableViewController.swift; sourceTree = "<group>"; };
		52999A181EB9D66A00A36490 /* LoginViewController.swift */ = {isa = PBXFileReference; fileEncoding = 4; lastKnownFileType = sourcecode.swift; path = LoginViewController.swift; sourceTree = "<group>"; };
		529D22CC1EBAFEE0004F9216 /* Compa.entitlements */ = {isa = PBXFileReference; lastKnownFileType = text.plist.entitlements; path = Compa.entitlements; sourceTree = "<group>"; };
		529D22CD1EBB216E004F9216 /* sample.csv */ = {isa = PBXFileReference; fileEncoding = 4; lastKnownFileType = text; path = sample.csv; sourceTree = "<group>"; };
		529D22D31EBB2F9E004F9216 /* ZodiacEuroMatch.csv */ = {isa = PBXFileReference; fileEncoding = 4; lastKnownFileType = text; path = ZodiacEuroMatch.csv; sourceTree = "<group>"; };
		52D6FBB31EA9A02F0088C6AA /* Compa.app */ = {isa = PBXFileReference; explicitFileType = wrapper.application; includeInIndex = 0; path = Compa.app; sourceTree = BUILT_PRODUCTS_DIR; };
		52D6FBB61EA9A02F0088C6AA /* AppDelegate.swift */ = {isa = PBXFileReference; lastKnownFileType = sourcecode.swift; path = AppDelegate.swift; sourceTree = "<group>"; };
		52D6FBB81EA9A02F0088C6AA /* ViewController.swift */ = {isa = PBXFileReference; lastKnownFileType = sourcecode.swift; path = ViewController.swift; sourceTree = "<group>"; };
		52D6FBBB1EA9A02F0088C6AA /* Base */ = {isa = PBXFileReference; lastKnownFileType = file.storyboard; name = Base; path = Base.lproj/Main.storyboard; sourceTree = "<group>"; };
		52D6FBBE1EA9A02F0088C6AA /* Compa.xcdatamodel */ = {isa = PBXFileReference; lastKnownFileType = wrapper.xcdatamodel; path = Compa.xcdatamodel; sourceTree = "<group>"; };
		52D6FBC01EA9A02F0088C6AA /* Assets.xcassets */ = {isa = PBXFileReference; lastKnownFileType = folder.assetcatalog; path = Assets.xcassets; sourceTree = "<group>"; };
		52D6FBC31EA9A02F0088C6AA /* Base */ = {isa = PBXFileReference; lastKnownFileType = file.storyboard; name = Base; path = Base.lproj/LaunchScreen.storyboard; sourceTree = "<group>"; };
		52D6FBC51EA9A02F0088C6AA /* Info.plist */ = {isa = PBXFileReference; lastKnownFileType = text.plist.xml; path = Info.plist; sourceTree = "<group>"; };
		52D6FBCA1EA9A02F0088C6AA /* CompaTests.xctest */ = {isa = PBXFileReference; explicitFileType = wrapper.cfbundle; includeInIndex = 0; path = CompaTests.xctest; sourceTree = BUILT_PRODUCTS_DIR; };
		52D6FBCE1EA9A02F0088C6AA /* CompaTests.swift */ = {isa = PBXFileReference; lastKnownFileType = sourcecode.swift; path = CompaTests.swift; sourceTree = "<group>"; };
		52D6FBD01EA9A02F0088C6AA /* Info.plist */ = {isa = PBXFileReference; lastKnownFileType = text.plist.xml; path = Info.plist; sourceTree = "<group>"; };
		52D6FBD51EA9A02F0088C6AA /* CompaUITests.xctest */ = {isa = PBXFileReference; explicitFileType = wrapper.cfbundle; includeInIndex = 0; path = CompaUITests.xctest; sourceTree = BUILT_PRODUCTS_DIR; };
		52D6FBD91EA9A02F0088C6AA /* CompaUITests.swift */ = {isa = PBXFileReference; lastKnownFileType = sourcecode.swift; path = CompaUITests.swift; sourceTree = "<group>"; };
		52D6FBDB1EA9A02F0088C6AA /* Info.plist */ = {isa = PBXFileReference; lastKnownFileType = text.plist.xml; path = Info.plist; sourceTree = "<group>"; };
		52D6FBE91EA9A1A40088C6AA /* Zodiac.swift */ = {isa = PBXFileReference; fileEncoding = 4; lastKnownFileType = sourcecode.swift; path = Zodiac.swift; sourceTree = "<group>"; };
		5DCDA6033BA2CBF89F2C0FCA /* Pods-CompaTests.debug.xcconfig */ = {isa = PBXFileReference; includeInIndex = 1; lastKnownFileType = text.xcconfig; name = "Pods-CompaTests.debug.xcconfig"; path = "Pods/Target Support Files/Pods-CompaTests/Pods-CompaTests.debug.xcconfig"; sourceTree = "<group>"; };
		B480FF6364A9D0CBAA6E44D0 /* Pods-CompaTests.release.xcconfig */ = {isa = PBXFileReference; includeInIndex = 1; lastKnownFileType = text.xcconfig; name = "Pods-CompaTests.release.xcconfig"; path = "Pods/Target Support Files/Pods-CompaTests/Pods-CompaTests.release.xcconfig"; sourceTree = "<group>"; };
		B836D64273D89CB7778B6FF8 /* Pods_CompaTests.framework */ = {isa = PBXFileReference; explicitFileType = wrapper.framework; includeInIndex = 0; path = Pods_CompaTests.framework; sourceTree = BUILT_PRODUCTS_DIR; };
		C8E0DEE61A03785D606D933E /* Pods-CompaUITests.debug.xcconfig */ = {isa = PBXFileReference; includeInIndex = 1; lastKnownFileType = text.xcconfig; name = "Pods-CompaUITests.debug.xcconfig"; path = "Pods/Target Support Files/Pods-CompaUITests/Pods-CompaUITests.debug.xcconfig"; sourceTree = "<group>"; };
		D2EB48DCDED7853D38F4F34B /* Pods_CompaUITests.framework */ = {isa = PBXFileReference; explicitFileType = wrapper.framework; includeInIndex = 0; path = Pods_CompaUITests.framework; sourceTree = BUILT_PRODUCTS_DIR; };
		ED41388231BE77CCC23BDB70 /* Pods-Compa.debug.xcconfig */ = {isa = PBXFileReference; includeInIndex = 1; lastKnownFileType = text.xcconfig; name = "Pods-Compa.debug.xcconfig"; path = "Pods/Target Support Files/Pods-Compa/Pods-Compa.debug.xcconfig"; sourceTree = "<group>"; };
/* End PBXFileReference section */

/* Begin PBXFrameworksBuildPhase section */
		52D6FBB01EA9A02F0088C6AA /* Frameworks */ = {
			isa = PBXFrameworksBuildPhase;
			buildActionMask = 2147483647;
			files = (
				21E3169D82D16BA4E612E7BD /* Pods_Compa.framework in Frameworks */,
			);
			runOnlyForDeploymentPostprocessing = 0;
		};
		52D6FBC71EA9A02F0088C6AA /* Frameworks */ = {
			isa = PBXFrameworksBuildPhase;
			buildActionMask = 2147483647;
			files = (
				7C15CAA54FEE44D7967A4D72 /* Pods_CompaTests.framework in Frameworks */,
			);
			runOnlyForDeploymentPostprocessing = 0;
		};
		52D6FBD21EA9A02F0088C6AA /* Frameworks */ = {
			isa = PBXFrameworksBuildPhase;
			buildActionMask = 2147483647;
			files = (
				5EC876F476B2EC8161C07E1E /* Pods_CompaUITests.framework in Frameworks */,
			);
			runOnlyForDeploymentPostprocessing = 0;
		};
/* End PBXFrameworksBuildPhase section */

/* Begin PBXGroup section */
		529D22CF1EBB2479004F9216 /* UI */ = {
			isa = PBXGroup;
			children = (
				52D6FBBA1EA9A02F0088C6AA /* Main.storyboard */,
				52D6FBC21EA9A02F0088C6AA /* LaunchScreen.storyboard */,
				52999A0C1EB97EF400A36490 /* CalcCompabilityUIButton.swift */,
				521A8B881EC1B68B00A589A1 /* FriendTableViewCell.swift */,
				521A8B8A1EC1BAAB00A589A1 /* UIHelper.swift */,
			);
			name = UI;
			sourceTree = "<group>";
		};
		529D22D01EBB248F004F9216 /* Controllers */ = {
			isa = PBXGroup;
			children = (
				52D6FBB81EA9A02F0088C6AA /* ViewController.swift */,
				52999A0A1EB974DC00A36490 /* MyPageViewController.swift */,
				52999A0E1EB988DF00A36490 /* CalcResultViewController.swift */,
				52999A181EB9D66A00A36490 /* LoginViewController.swift */,
				52999A141EB9CE5300A36490 /* FriendsTableViewController.swift */,
			);
			name = Controllers;
			sourceTree = "<group>";
		};
		529D22D11EBB24BE004F9216 /* Models */ = {
			isa = PBXGroup;
			children = (
				52D6FBE91EA9A1A40088C6AA /* Zodiac.swift */,
				5266E2C91EC1ABA000984405 /* Friend.swift */,
				521A8B8C1EC1DFF200A589A1 /* MyProfile.swift */,
			);
			name = Models;
			sourceTree = "<group>";
		};
		529D22D21EBB24E1004F9216 /* Support Files */ = {
			isa = PBXGroup;
			children = (
				52D6FBC51EA9A02F0088C6AA /* Info.plist */,
				52D6FBB61EA9A02F0088C6AA /* AppDelegate.swift */,
				52999A121EB9C71700A36490 /* DatabaseController.swift */,
				52999A101EB9BAD500A36490 /* MyUtil.swift */,
				529D22CD1EBB216E004F9216 /* sample.csv */,
				52336E3E1EC04D2B00EC4D38 /* ZodiacChinaMatch.csv */,
				529D22D31EBB2F9E004F9216 /* ZodiacEuroMatch.csv */,
			);
			name = "Support Files";
			sourceTree = "<group>";
		};
		52D6FBAA1EA9A02F0088C6AA = {
			isa = PBXGroup;
			children = (
				52D6FBB51EA9A02F0088C6AA /* Compa */,
				52D6FBCD1EA9A02F0088C6AA /* CompaTests */,
				52D6FBD81EA9A02F0088C6AA /* CompaUITests */,
				52D6FBB41EA9A02F0088C6AA /* Products */,
				6881BD67075E85B4784E2B70 /* Pods */,
				EEF7D780B2432860A49BFC8B /* Frameworks */,
			);
			sourceTree = "<group>";
		};
		52D6FBB41EA9A02F0088C6AA /* Products */ = {
			isa = PBXGroup;
			children = (
				52D6FBB31EA9A02F0088C6AA /* Compa.app */,
				52D6FBCA1EA9A02F0088C6AA /* CompaTests.xctest */,
				52D6FBD51EA9A02F0088C6AA /* CompaUITests.xctest */,
			);
			name = Products;
			sourceTree = "<group>";
		};
		52D6FBB51EA9A02F0088C6AA /* Compa */ = {
			isa = PBXGroup;
			children = (
				529D22D21EBB24E1004F9216 /* Support Files */,
				529D22D01EBB248F004F9216 /* Controllers */,
				529D22CF1EBB2479004F9216 /* UI */,
				529D22D11EBB24BE004F9216 /* Models */,
				529D22CC1EBAFEE0004F9216 /* Compa.entitlements */,
				52D6FBC01EA9A02F0088C6AA /* Assets.xcassets */,
				52D6FBBD1EA9A02F0088C6AA /* Compa.xcdatamodeld */,
			);
			path = Compa;
			sourceTree = "<group>";
		};
		52D6FBCD1EA9A02F0088C6AA /* CompaTests */ = {
			isa = PBXGroup;
			children = (
				52D6FBCE1EA9A02F0088C6AA /* CompaTests.swift */,
				52D6FBD01EA9A02F0088C6AA /* Info.plist */,
			);
			path = CompaTests;
			sourceTree = "<group>";
		};
		52D6FBD81EA9A02F0088C6AA /* CompaUITests */ = {
			isa = PBXGroup;
			children = (
				52D6FBD91EA9A02F0088C6AA /* CompaUITests.swift */,
				52D6FBDB1EA9A02F0088C6AA /* Info.plist */,
			);
			path = CompaUITests;
			sourceTree = "<group>";
		};
		6881BD67075E85B4784E2B70 /* Pods */ = {
			isa = PBXGroup;
			children = (
				ED41388231BE77CCC23BDB70 /* Pods-Compa.debug.xcconfig */,
				1AFC8F41BE0EDE0D23D0465C /* Pods-Compa.release.xcconfig */,
				5DCDA6033BA2CBF89F2C0FCA /* Pods-CompaTests.debug.xcconfig */,
				B480FF6364A9D0CBAA6E44D0 /* Pods-CompaTests.release.xcconfig */,
				C8E0DEE61A03785D606D933E /* Pods-CompaUITests.debug.xcconfig */,
				51D3A31361119E697F95D9FC /* Pods-CompaUITests.release.xcconfig */,
			);
			name = Pods;
			sourceTree = "<group>";
		};
		EEF7D780B2432860A49BFC8B /* Frameworks */ = {
			isa = PBXGroup;
			children = (
				40171F2D637E7C18C649E60D /* Pods_Compa.framework */,
				B836D64273D89CB7778B6FF8 /* Pods_CompaTests.framework */,
				D2EB48DCDED7853D38F4F34B /* Pods_CompaUITests.framework */,
			);
			name = Frameworks;
			sourceTree = "<group>";
		};
/* End PBXGroup section */

/* Begin PBXNativeTarget section */
		52D6FBB21EA9A02F0088C6AA /* Compa */ = {
			isa = PBXNativeTarget;
			buildConfigurationList = 52D6FBDE1EA9A02F0088C6AA /* Build configuration list for PBXNativeTarget "Compa" */;
			buildPhases = (
				5ECA9F9F2C9FAF26767F2422 /* [CP] Check Pods Manifest.lock */,
				52D6FBAF1EA9A02F0088C6AA /* Sources */,
				52D6FBB01EA9A02F0088C6AA /* Frameworks */,
				52D6FBB11EA9A02F0088C6AA /* Resources */,
				3F0DA0DBE79C59AFF28DFA8C /* [CP] Embed Pods Frameworks */,
				097B91025B0824BF402F0877 /* [CP] Copy Pods Resources */,
			);
			buildRules = (
			);
			dependencies = (
			);
			name = Compa;
			productName = Compa;
			productReference = 52D6FBB31EA9A02F0088C6AA /* Compa.app */;
			productType = "com.apple.product-type.application";
		};
		52D6FBC91EA9A02F0088C6AA /* CompaTests */ = {
			isa = PBXNativeTarget;
			buildConfigurationList = 52D6FBE11EA9A02F0088C6AA /* Build configuration list for PBXNativeTarget "CompaTests" */;
			buildPhases = (
				DBCA43BD8A96176C2C3EB61F /* [CP] Check Pods Manifest.lock */,
				52D6FBC61EA9A02F0088C6AA /* Sources */,
				52D6FBC71EA9A02F0088C6AA /* Frameworks */,
				52D6FBC81EA9A02F0088C6AA /* Resources */,
				6ED74D1B660EF06AD63A29FD /* [CP] Embed Pods Frameworks */,
				C61506DE2C11605BA65A96E1 /* [CP] Copy Pods Resources */,
			);
			buildRules = (
			);
			dependencies = (
				52D6FBCC1EA9A02F0088C6AA /* PBXTargetDependency */,
			);
			name = CompaTests;
			productName = CompaTests;
			productReference = 52D6FBCA1EA9A02F0088C6AA /* CompaTests.xctest */;
			productType = "com.apple.product-type.bundle.unit-test";
		};
		52D6FBD41EA9A02F0088C6AA /* CompaUITests */ = {
			isa = PBXNativeTarget;
			buildConfigurationList = 52D6FBE41EA9A02F0088C6AA /* Build configuration list for PBXNativeTarget "CompaUITests" */;
			buildPhases = (
				F8C96261092475C649BEF138 /* [CP] Check Pods Manifest.lock */,
				52D6FBD11EA9A02F0088C6AA /* Sources */,
				52D6FBD21EA9A02F0088C6AA /* Frameworks */,
				52D6FBD31EA9A02F0088C6AA /* Resources */,
				56436D6752E03B25A60DF441 /* [CP] Embed Pods Frameworks */,
				FCD84320370392BCE31F3C0B /* [CP] Copy Pods Resources */,
			);
			buildRules = (
			);
			dependencies = (
				52D6FBD71EA9A02F0088C6AA /* PBXTargetDependency */,
			);
			name = CompaUITests;
			productName = CompaUITests;
			productReference = 52D6FBD51EA9A02F0088C6AA /* CompaUITests.xctest */;
			productType = "com.apple.product-type.bundle.ui-testing";
		};
/* End PBXNativeTarget section */

/* Begin PBXProject section */
		52D6FBAB1EA9A02F0088C6AA /* Project object */ = {
			isa = PBXProject;
			attributes = {
				LastSwiftUpdateCheck = 0830;
				LastUpgradeCheck = 0830;
				ORGANIZATIONNAME = CyberWorks;
				TargetAttributes = {
					52D6FBB21EA9A02F0088C6AA = {
						CreatedOnToolsVersion = 8.3.2;
						DevelopmentTeam = HA4E5T3WBX;
						ProvisioningStyle = Automatic;
						SystemCapabilities = {
							com.apple.Keychain = {
								enabled = 1;
							};
						};
					};
					52D6FBC91EA9A02F0088C6AA = {
						CreatedOnToolsVersion = 8.3.2;
						ProvisioningStyle = Automatic;
						TestTargetID = 52D6FBB21EA9A02F0088C6AA;
					};
					52D6FBD41EA9A02F0088C6AA = {
						CreatedOnToolsVersion = 8.3.2;
						ProvisioningStyle = Automatic;
						TestTargetID = 52D6FBB21EA9A02F0088C6AA;
					};
				};
			};
			buildConfigurationList = 52D6FBAE1EA9A02F0088C6AA /* Build configuration list for PBXProject "Compa" */;
			compatibilityVersion = "Xcode 3.2";
			developmentRegion = English;
			hasScannedForEncodings = 0;
			knownRegions = (
				en,
				Base,
			);
			mainGroup = 52D6FBAA1EA9A02F0088C6AA;
			productRefGroup = 52D6FBB41EA9A02F0088C6AA /* Products */;
			projectDirPath = "";
			projectRoot = "";
			targets = (
				52D6FBB21EA9A02F0088C6AA /* Compa */,
				52D6FBC91EA9A02F0088C6AA /* CompaTests */,
				52D6FBD41EA9A02F0088C6AA /* CompaUITests */,
			);
		};
/* End PBXProject section */

/* Begin PBXResourcesBuildPhase section */
		52D6FBB11EA9A02F0088C6AA /* Resources */ = {
			isa = PBXResourcesBuildPhase;
			buildActionMask = 2147483647;
			files = (
				52336E3F1EC04D2B00EC4D38 /* ZodiacChinaMatch.csv in Resources */,
				529D22D41EBB2F9E004F9216 /* ZodiacEuroMatch.csv in Resources */,
				52D6FBC41EA9A02F0088C6AA /* LaunchScreen.storyboard in Resources */,
				52D6FBC11EA9A02F0088C6AA /* Assets.xcassets in Resources */,
				529D22CE1EBB216E004F9216 /* sample.csv in Resources */,
				52D6FBBC1EA9A02F0088C6AA /* Main.storyboard in Resources */,
			);
			runOnlyForDeploymentPostprocessing = 0;
		};
		52D6FBC81EA9A02F0088C6AA /* Resources */ = {
			isa = PBXResourcesBuildPhase;
			buildActionMask = 2147483647;
			files = (
			);
			runOnlyForDeploymentPostprocessing = 0;
		};
		52D6FBD31EA9A02F0088C6AA /* Resources */ = {
			isa = PBXResourcesBuildPhase;
			buildActionMask = 2147483647;
			files = (
			);
			runOnlyForDeploymentPostprocessing = 0;
		};
/* End PBXResourcesBuildPhase section */

/* Begin PBXShellScriptBuildPhase section */
		097B91025B0824BF402F0877 /* [CP] Copy Pods Resources */ = {
			isa = PBXShellScriptBuildPhase;
			buildActionMask = 2147483647;
			files = (
			);
			inputPaths = (
			);
			name = "[CP] Copy Pods Resources";
			outputPaths = (
			);
			runOnlyForDeploymentPostprocessing = 0;
			shellPath = /bin/sh;
			shellScript = "\"${SRCROOT}/Pods/Target Support Files/Pods-Compa/Pods-Compa-resources.sh\"\n";
			showEnvVarsInLog = 0;
		};
		3F0DA0DBE79C59AFF28DFA8C /* [CP] Embed Pods Frameworks */ = {
			isa = PBXShellScriptBuildPhase;
			buildActionMask = 2147483647;
			files = (
			);
			inputPaths = (
			);
			name = "[CP] Embed Pods Frameworks";
			outputPaths = (
			);
			runOnlyForDeploymentPostprocessing = 0;
			shellPath = /bin/sh;
			shellScript = "\"${SRCROOT}/Pods/Target Support Files/Pods-Compa/Pods-Compa-frameworks.sh\"\n";
			showEnvVarsInLog = 0;
		};
		56436D6752E03B25A60DF441 /* [CP] Embed Pods Frameworks */ = {
			isa = PBXShellScriptBuildPhase;
			buildActionMask = 2147483647;
			files = (
			);
			inputPaths = (
			);
			name = "[CP] Embed Pods Frameworks";
			outputPaths = (
			);
			runOnlyForDeploymentPostprocessing = 0;
			shellPath = /bin/sh;
			shellScript = "\"${SRCROOT}/Pods/Target Support Files/Pods-CompaUITests/Pods-CompaUITests-frameworks.sh\"\n";
			showEnvVarsInLog = 0;
		};
		5ECA9F9F2C9FAF26767F2422 /* [CP] Check Pods Manifest.lock */ = {
			isa = PBXShellScriptBuildPhase;
			buildActionMask = 2147483647;
			files = (
			);
			inputPaths = (
			);
			name = "[CP] Check Pods Manifest.lock";
			outputPaths = (
			);
			runOnlyForDeploymentPostprocessing = 0;
			shellPath = /bin/sh;
			shellScript = "diff \"${PODS_PODFILE_DIR_PATH}/Podfile.lock\" \"${PODS_ROOT}/Manifest.lock\" > /dev/null\nif [ $? != 0 ] ; then\n    # print error to STDERR\n    echo \"error: The sandbox is not in sync with the Podfile.lock. Run 'pod install' or update your CocoaPods installation.\" >&2\n    exit 1\nfi\n";
			showEnvVarsInLog = 0;
		};
		6ED74D1B660EF06AD63A29FD /* [CP] Embed Pods Frameworks */ = {
			isa = PBXShellScriptBuildPhase;
			buildActionMask = 2147483647;
			files = (
			);
			inputPaths = (
			);
			name = "[CP] Embed Pods Frameworks";
			outputPaths = (
			);
			runOnlyForDeploymentPostprocessing = 0;
			shellPath = /bin/sh;
			shellScript = "\"${SRCROOT}/Pods/Target Support Files/Pods-CompaTests/Pods-CompaTests-frameworks.sh\"\n";
			showEnvVarsInLog = 0;
		};
		C61506DE2C11605BA65A96E1 /* [CP] Copy Pods Resources */ = {
			isa = PBXShellScriptBuildPhase;
			buildActionMask = 2147483647;
			files = (
			);
			inputPaths = (
			);
			name = "[CP] Copy Pods Resources";
			outputPaths = (
			);
			runOnlyForDeploymentPostprocessing = 0;
			shellPath = /bin/sh;
			shellScript = "\"${SRCROOT}/Pods/Target Support Files/Pods-CompaTests/Pods-CompaTests-resources.sh\"\n";
			showEnvVarsInLog = 0;
		};
		DBCA43BD8A96176C2C3EB61F /* [CP] Check Pods Manifest.lock */ = {
			isa = PBXShellScriptBuildPhase;
			buildActionMask = 2147483647;
			files = (
			);
			inputPaths = (
			);
			name = "[CP] Check Pods Manifest.lock";
			outputPaths = (
			);
			runOnlyForDeploymentPostprocessing = 0;
			shellPath = /bin/sh;
			shellScript = "diff \"${PODS_PODFILE_DIR_PATH}/Podfile.lock\" \"${PODS_ROOT}/Manifest.lock\" > /dev/null\nif [ $? != 0 ] ; then\n    # print error to STDERR\n    echo \"error: The sandbox is not in sync with the Podfile.lock. Run 'pod install' or update your CocoaPods installation.\" >&2\n    exit 1\nfi\n";
			showEnvVarsInLog = 0;
		};
		F8C96261092475C649BEF138 /* [CP] Check Pods Manifest.lock */ = {
			isa = PBXShellScriptBuildPhase;
			buildActionMask = 2147483647;
			files = (
			);
			inputPaths = (
			);
			name = "[CP] Check Pods Manifest.lock";
			outputPaths = (
			);
			runOnlyForDeploymentPostprocessing = 0;
			shellPath = /bin/sh;
			shellScript = "diff \"${PODS_PODFILE_DIR_PATH}/Podfile.lock\" \"${PODS_ROOT}/Manifest.lock\" > /dev/null\nif [ $? != 0 ] ; then\n    # print error to STDERR\n    echo \"error: The sandbox is not in sync with the Podfile.lock. Run 'pod install' or update your CocoaPods installation.\" >&2\n    exit 1\nfi\n";
			showEnvVarsInLog = 0;
		};
		FCD84320370392BCE31F3C0B /* [CP] Copy Pods Resources */ = {
			isa = PBXShellScriptBuildPhase;
			buildActionMask = 2147483647;
			files = (
			);
			inputPaths = (
			);
			name = "[CP] Copy Pods Resources";
			outputPaths = (
			);
			runOnlyForDeploymentPostprocessing = 0;
			shellPath = /bin/sh;
			shellScript = "\"${SRCROOT}/Pods/Target Support Files/Pods-CompaUITests/Pods-CompaUITests-resources.sh\"\n";
			showEnvVarsInLog = 0;
		};
/* End PBXShellScriptBuildPhase section */

/* Begin PBXSourcesBuildPhase section */
		52D6FBAF1EA9A02F0088C6AA /* Sources */ = {
			isa = PBXSourcesBuildPhase;
			buildActionMask = 2147483647;
			files = (
				52999A191EB9D66A00A36490 /* LoginViewController.swift in Sources */,
				521A8B8D1EC1DFF200A589A1 /* MyProfile.swift in Sources */,
				52999A131EB9C71700A36490 /* DatabaseController.swift in Sources */,
				52999A111EB9BAD500A36490 /* MyUtil.swift in Sources */,
				5266E2CA1EC1ABA000984405 /* Friend.swift in Sources */,
				52999A0B1EB974DC00A36490 /* MyPageViewController.swift in Sources */,
				52999A0F1EB988DF00A36490 /* CalcResultViewController.swift in Sources */,
				52999A151EB9CE5300A36490 /* FriendsTableViewController.swift in Sources */,
				521A8B891EC1B68B00A589A1 /* FriendTableViewCell.swift in Sources */,
				52D6FBEA1EA9A1A40088C6AA /* Zodiac.swift in Sources */,
				52D6FBB91EA9A02F0088C6AA /* ViewController.swift in Sources */,
				52D6FBB71EA9A02F0088C6AA /* AppDelegate.swift in Sources */,
				52999A0D1EB97EF400A36490 /* CalcCompabilityUIButton.swift in Sources */,
				52D6FBBF1EA9A02F0088C6AA /* Compa.xcdatamodeld in Sources */,
				521A8B8B1EC1BAAB00A589A1 /* UIHelper.swift in Sources */,
			);
			runOnlyForDeploymentPostprocessing = 0;
		};
		52D6FBC61EA9A02F0088C6AA /* Sources */ = {
			isa = PBXSourcesBuildPhase;
			buildActionMask = 2147483647;
			files = (
				52D6FBCF1EA9A02F0088C6AA /* CompaTests.swift in Sources */,
			);
			runOnlyForDeploymentPostprocessing = 0;
		};
		52D6FBD11EA9A02F0088C6AA /* Sources */ = {
			isa = PBXSourcesBuildPhase;
			buildActionMask = 2147483647;
			files = (
				52D6FBDA1EA9A02F0088C6AA /* CompaUITests.swift in Sources */,
			);
			runOnlyForDeploymentPostprocessing = 0;
		};
/* End PBXSourcesBuildPhase section */

/* Begin PBXTargetDependency section */
		52D6FBCC1EA9A02F0088C6AA /* PBXTargetDependency */ = {
			isa = PBXTargetDependency;
			target = 52D6FBB21EA9A02F0088C6AA /* Compa */;
			targetProxy = 52D6FBCB1EA9A02F0088C6AA /* PBXContainerItemProxy */;
		};
		52D6FBD71EA9A02F0088C6AA /* PBXTargetDependency */ = {
			isa = PBXTargetDependency;
			target = 52D6FBB21EA9A02F0088C6AA /* Compa */;
			targetProxy = 52D6FBD61EA9A02F0088C6AA /* PBXContainerItemProxy */;
		};
/* End PBXTargetDependency section */

/* Begin PBXVariantGroup section */
		52D6FBBA1EA9A02F0088C6AA /* Main.storyboard */ = {
			isa = PBXVariantGroup;
			children = (
				52D6FBBB1EA9A02F0088C6AA /* Base */,
			);
			name = Main.storyboard;
			sourceTree = "<group>";
		};
		52D6FBC21EA9A02F0088C6AA /* LaunchScreen.storyboard */ = {
			isa = PBXVariantGroup;
			children = (
				52D6FBC31EA9A02F0088C6AA /* Base */,
			);
			name = LaunchScreen.storyboard;
			sourceTree = "<group>";
		};
/* End PBXVariantGroup section */

/* Begin XCBuildConfiguration section */
		52D6FBDC1EA9A02F0088C6AA /* Debug */ = {
			isa = XCBuildConfiguration;
			buildSettings = {
				ALWAYS_SEARCH_USER_PATHS = NO;
				CLANG_ANALYZER_NONNULL = YES;
				CLANG_ANALYZER_NUMBER_OBJECT_CONVERSION = YES_AGGRESSIVE;
				CLANG_CXX_LANGUAGE_STANDARD = "gnu++0x";
				CLANG_CXX_LIBRARY = "libc++";
				CLANG_ENABLE_MODULES = YES;
				CLANG_ENABLE_OBJC_ARC = YES;
				CLANG_WARN_BOOL_CONVERSION = YES;
				CLANG_WARN_CONSTANT_CONVERSION = YES;
				CLANG_WARN_DIRECT_OBJC_ISA_USAGE = YES_ERROR;
				CLANG_WARN_DOCUMENTATION_COMMENTS = YES;
				CLANG_WARN_EMPTY_BODY = YES;
				CLANG_WARN_ENUM_CONVERSION = YES;
				CLANG_WARN_INFINITE_RECURSION = YES;
				CLANG_WARN_INT_CONVERSION = YES;
				CLANG_WARN_OBJC_ROOT_CLASS = YES_ERROR;
				CLANG_WARN_SUSPICIOUS_MOVE = YES;
				CLANG_WARN_UNREACHABLE_CODE = YES;
				CLANG_WARN__DUPLICATE_METHOD_MATCH = YES;
				"CODE_SIGN_IDENTITY[sdk=iphoneos*]" = "iPhone Developer";
				COPY_PHASE_STRIP = NO;
				DEBUG_INFORMATION_FORMAT = dwarf;
				ENABLE_STRICT_OBJC_MSGSEND = YES;
				ENABLE_TESTABILITY = YES;
				GCC_C_LANGUAGE_STANDARD = gnu99;
				GCC_DYNAMIC_NO_PIC = NO;
				GCC_NO_COMMON_BLOCKS = YES;
				GCC_OPTIMIZATION_LEVEL = 0;
				GCC_PREPROCESSOR_DEFINITIONS = (
					"DEBUG=1",
					"$(inherited)",
				);
				GCC_WARN_64_TO_32_BIT_CONVERSION = YES;
				GCC_WARN_ABOUT_RETURN_TYPE = YES_ERROR;
				GCC_WARN_UNDECLARED_SELECTOR = YES;
				GCC_WARN_UNINITIALIZED_AUTOS = YES_AGGRESSIVE;
				GCC_WARN_UNUSED_FUNCTION = YES;
				GCC_WARN_UNUSED_VARIABLE = YES;
				IPHONEOS_DEPLOYMENT_TARGET = 10.3;
				MTL_ENABLE_DEBUG_INFO = YES;
				ONLY_ACTIVE_ARCH = YES;
				SDKROOT = iphoneos;
				SWIFT_ACTIVE_COMPILATION_CONDITIONS = DEBUG;
				SWIFT_OPTIMIZATION_LEVEL = "-Onone";
				TARGETED_DEVICE_FAMILY = "1,2";
			};
			name = Debug;
		};
		52D6FBDD1EA9A02F0088C6AA /* Release */ = {
			isa = XCBuildConfiguration;
			buildSettings = {
				ALWAYS_SEARCH_USER_PATHS = NO;
				CLANG_ANALYZER_NONNULL = YES;
				CLANG_ANALYZER_NUMBER_OBJECT_CONVERSION = YES_AGGRESSIVE;
				CLANG_CXX_LANGUAGE_STANDARD = "gnu++0x";
				CLANG_CXX_LIBRARY = "libc++";
				CLANG_ENABLE_MODULES = YES;
				CLANG_ENABLE_OBJC_ARC = YES;
				CLANG_WARN_BOOL_CONVERSION = YES;
				CLANG_WARN_CONSTANT_CONVERSION = YES;
				CLANG_WARN_DIRECT_OBJC_ISA_USAGE = YES_ERROR;
				CLANG_WARN_DOCUMENTATION_COMMENTS = YES;
				CLANG_WARN_EMPTY_BODY = YES;
				CLANG_WARN_ENUM_CONVERSION = YES;
				CLANG_WARN_INFINITE_RECURSION = YES;
				CLANG_WARN_INT_CONVERSION = YES;
				CLANG_WARN_OBJC_ROOT_CLASS = YES_ERROR;
				CLANG_WARN_SUSPICIOUS_MOVE = YES;
				CLANG_WARN_UNREACHABLE_CODE = YES;
				CLANG_WARN__DUPLICATE_METHOD_MATCH = YES;
				"CODE_SIGN_IDENTITY[sdk=iphoneos*]" = "iPhone Developer";
				COPY_PHASE_STRIP = NO;
				DEBUG_INFORMATION_FORMAT = "dwarf-with-dsym";
				ENABLE_NS_ASSERTIONS = NO;
				ENABLE_STRICT_OBJC_MSGSEND = YES;
				GCC_C_LANGUAGE_STANDARD = gnu99;
				GCC_NO_COMMON_BLOCKS = YES;
				GCC_WARN_64_TO_32_BIT_CONVERSION = YES;
				GCC_WARN_ABOUT_RETURN_TYPE = YES_ERROR;
				GCC_WARN_UNDECLARED_SELECTOR = YES;
				GCC_WARN_UNINITIALIZED_AUTOS = YES_AGGRESSIVE;
				GCC_WARN_UNUSED_FUNCTION = YES;
				GCC_WARN_UNUSED_VARIABLE = YES;
				IPHONEOS_DEPLOYMENT_TARGET = 10.3;
				MTL_ENABLE_DEBUG_INFO = NO;
				SDKROOT = iphoneos;
				SWIFT_OPTIMIZATION_LEVEL = "-Owholemodule";
				TARGETED_DEVICE_FAMILY = "1,2";
				VALIDATE_PRODUCT = YES;
			};
			name = Release;
		};
		52D6FBDF1EA9A02F0088C6AA /* Debug */ = {
			isa = XCBuildConfiguration;
			baseConfigurationReference = ED41388231BE77CCC23BDB70 /* Pods-Compa.debug.xcconfig */;
			buildSettings = {
				ASSETCATALOG_COMPILER_APPICON_NAME = AppIcon;
				CODE_SIGN_ENTITLEMENTS = Compa/Compa.entitlements;
				DEVELOPMENT_TEAM = HA4E5T3WBX;
				INFOPLIST_FILE = Compa/Info.plist;
				LD_RUNPATH_SEARCH_PATHS = "$(inherited) @executable_path/Frameworks";
				PRODUCT_BUNDLE_IDENTIFIER = com.cyberworks.Compa;
				PRODUCT_NAME = "$(TARGET_NAME)";
				SWIFT_VERSION = 3.0;
			};
			name = Debug;
		};
		52D6FBE01EA9A02F0088C6AA /* Release */ = {
			isa = XCBuildConfiguration;
			baseConfigurationReference = 1AFC8F41BE0EDE0D23D0465C /* Pods-Compa.release.xcconfig */;
			buildSettings = {
				ASSETCATALOG_COMPILER_APPICON_NAME = AppIcon;
				CODE_SIGN_ENTITLEMENTS = Compa/Compa.entitlements;
				DEVELOPMENT_TEAM = HA4E5T3WBX;
				INFOPLIST_FILE = Compa/Info.plist;
				LD_RUNPATH_SEARCH_PATHS = "$(inherited) @executable_path/Frameworks";
				PRODUCT_BUNDLE_IDENTIFIER = com.cyberworks.Compa;
				PRODUCT_NAME = "$(TARGET_NAME)";
				SWIFT_VERSION = 3.0;
			};
			name = Release;
		};
		52D6FBE21EA9A02F0088C6AA /* Debug */ = {
			isa = XCBuildConfiguration;
			baseConfigurationReference = 5DCDA6033BA2CBF89F2C0FCA /* Pods-CompaTests.debug.xcconfig */;
			buildSettings = {
				ALWAYS_EMBED_SWIFT_STANDARD_LIBRARIES = YES;
				BUNDLE_LOADER = "$(TEST_HOST)";
				INFOPLIST_FILE = CompaTests/Info.plist;
				LD_RUNPATH_SEARCH_PATHS = "$(inherited) @executable_path/Frameworks @loader_path/Frameworks";
				PRODUCT_BUNDLE_IDENTIFIER = com.cyberworks.CompaTests;
				PRODUCT_NAME = "$(TARGET_NAME)";
				SWIFT_VERSION = 3.0;
				TEST_HOST = "$(BUILT_PRODUCTS_DIR)/Compa.app/Compa";
			};
			name = Debug;
		};
		52D6FBE31EA9A02F0088C6AA /* Release */ = {
			isa = XCBuildConfiguration;
			baseConfigurationReference = B480FF6364A9D0CBAA6E44D0 /* Pods-CompaTests.release.xcconfig */;
			buildSettings = {
				ALWAYS_EMBED_SWIFT_STANDARD_LIBRARIES = YES;
				BUNDLE_LOADER = "$(TEST_HOST)";
				INFOPLIST_FILE = CompaTests/Info.plist;
				LD_RUNPATH_SEARCH_PATHS = "$(inherited) @executable_path/Frameworks @loader_path/Frameworks";
				PRODUCT_BUNDLE_IDENTIFIER = com.cyberworks.CompaTests;
				PRODUCT_NAME = "$(TARGET_NAME)";
				SWIFT_VERSION = 3.0;
				TEST_HOST = "$(BUILT_PRODUCTS_DIR)/Compa.app/Compa";
			};
			name = Release;
		};
		52D6FBE51EA9A02F0088C6AA /* Debug */ = {
			isa = XCBuildConfiguration;
			baseConfigurationReference = C8E0DEE61A03785D606D933E /* Pods-CompaUITests.debug.xcconfig */;
			buildSettings = {
				ALWAYS_EMBED_SWIFT_STANDARD_LIBRARIES = YES;
				INFOPLIST_FILE = CompaUITests/Info.plist;
				LD_RUNPATH_SEARCH_PATHS = "$(inherited) @executable_path/Frameworks @loader_path/Frameworks";
				PRODUCT_BUNDLE_IDENTIFIER = com.cyberworks.CompaUITests;
				PRODUCT_NAME = "$(TARGET_NAME)";
				SWIFT_VERSION = 3.0;
				TEST_TARGET_NAME = Compa;
			};
			name = Debug;
		};
		52D6FBE61EA9A02F0088C6AA /* Release */ = {
			isa = XCBuildConfiguration;
			baseConfigurationReference = 51D3A31361119E697F95D9FC /* Pods-CompaUITests.release.xcconfig */;
			buildSettings = {
				ALWAYS_EMBED_SWIFT_STANDARD_LIBRARIES = YES;
				INFOPLIST_FILE = CompaUITests/Info.plist;
				LD_RUNPATH_SEARCH_PATHS = "$(inherited) @executable_path/Frameworks @loader_path/Frameworks";
				PRODUCT_BUNDLE_IDENTIFIER = com.cyberworks.CompaUITests;
				PRODUCT_NAME = "$(TARGET_NAME)";
				SWIFT_VERSION = 3.0;
				TEST_TARGET_NAME = Compa;
			};
			name = Release;
		};
/* End XCBuildConfiguration section */

/* Begin XCConfigurationList section */
		52D6FBAE1EA9A02F0088C6AA /* Build configuration list for PBXProject "Compa" */ = {
			isa = XCConfigurationList;
			buildConfigurations = (
				52D6FBDC1EA9A02F0088C6AA /* Debug */,
				52D6FBDD1EA9A02F0088C6AA /* Release */,
			);
			defaultConfigurationIsVisible = 0;
			defaultConfigurationName = Release;
		};
		52D6FBDE1EA9A02F0088C6AA /* Build configuration list for PBXNativeTarget "Compa" */ = {
			isa = XCConfigurationList;
			buildConfigurations = (
				52D6FBDF1EA9A02F0088C6AA /* Debug */,
				52D6FBE01EA9A02F0088C6AA /* Release */,
			);
			defaultConfigurationIsVisible = 0;
			defaultConfigurationName = Release;
		};
		52D6FBE11EA9A02F0088C6AA /* Build configuration list for PBXNativeTarget "CompaTests" */ = {
			isa = XCConfigurationList;
			buildConfigurations = (
				52D6FBE21EA9A02F0088C6AA /* Debug */,
				52D6FBE31EA9A02F0088C6AA /* Release */,
			);
			defaultConfigurationIsVisible = 0;
			defaultConfigurationName = Release;
		};
		52D6FBE41EA9A02F0088C6AA /* Build configuration list for PBXNativeTarget "CompaUITests" */ = {
			isa = XCConfigurationList;
			buildConfigurations = (
				52D6FBE51EA9A02F0088C6AA /* Debug */,
				52D6FBE61EA9A02F0088C6AA /* Release */,
			);
			defaultConfigurationIsVisible = 0;
			defaultConfigurationName = Release;
		};
/* End XCConfigurationList section */

/* Begin XCVersionGroup section */
		52D6FBBD1EA9A02F0088C6AA /* Compa.xcdatamodeld */ = {
			isa = XCVersionGroup;
			children = (
				52D6FBBE1EA9A02F0088C6AA /* Compa.xcdatamodel */,
			);
			currentVersion = 52D6FBBE1EA9A02F0088C6AA /* Compa.xcdatamodel */;
			path = Compa.xcdatamodeld;
			sourceTree = "<group>";
			versionGroupType = wrapper.xcdatamodel;
		};
/* End XCVersionGroup section */
	};
	rootObject = 52D6FBAB1EA9A02F0088C6AA /* Project object */;
}
